
Microsoft Visual Studio Solution File, Format Version 12.00
# Visual Studio Version 17
VisualStudioVersion = 17.3.32825.248
MinimumVisualStudioVersion = 10.0.40219.1
Project("{FAE04EC0-301F-11D3-BF4B-00C04F79EFBC}") = "BowlingScoreCalculator", "BowlingScoreCalculator\BowlingScoreCalculator.csproj", "{AF4089C2-10BF-414A-917F-E4BC7080426C}"
EndProject
Global
	GlobalSection(SolutionConfigurationPlatforms) = preSolution
		Debug|Any CPU = Debug|Any CPU
		Release|Any CPU = Release|Any CPU
	EndGlobalSection
	GlobalSection(ProjectConfigurationPlatforms) = postSolution
		{AF4089C2-10BF-414A-917F-E4BC7080426C}.Debug|Any CPU.ActiveCfg = Debug|Any CPU
		{AF4089C2-10BF-414A-917F-E4BC7080426C}.Debug|Any CPU.Build.0 = Debug|Any CPU
		{AF4089C2-10BF-414A-917F-E4BC7080426C}.Release|Any CPU.ActiveCfg = Release|Any CPU
		{AF4089C2-10BF-414A-917F-E4BC7080426C}.Release|Any CPU.Build.0 = Release|Any CPU
	EndGlobalSection
	GlobalSection(SolutionProperties) = preSolution
		HideSolutionNode = FALSE
	EndGlobalSection
	GlobalSection(ExtensibilityGlobals) = postSolution
		SolutionGuid = {3CD35DA8-3C74-42D0-9455-AF8978D0E595}
	EndGlobalSection
EndGlobal
